
Microsoft Visual Studio Solution File, Format Version 12.00
# Visual Studio Version 17
VisualStudioVersion = 17.9.34728.123
MinimumVisualStudioVersion = 10.0.40219.1
Project("{FAE04EC0-301F-11D3-BF4B-00C04F79EFBC}") = "OnlineEdu.API", "OnlineEdu.API\OnlineEdu.API.csproj", "{3CD0FDF5-6087-4C4D-A166-918671772A00}"
EndProject
Project("{FAE04EC0-301F-11D3-BF4B-00C04F79EFBC}") = "OnlineEdu.Entity", "OnlineEdu.Entity\OnlineEdu.Entity.csproj", "{715B0E1C-932C-430A-AB35-2FB6931D7FC8}"
EndProject
Project("{FAE04EC0-301F-11D3-BF4B-00C04F79EFBC}") = "OnlineEdu.DataAccess", "OnlineEdu.DataAccess\OnlineEdu.DataAccess.csproj", "{7662AD5F-6BB3-4C4C-BC6E-E6B5E0F90C31}"
EndProject
Project("{FAE04EC0-301F-11D3-BF4B-00C04F79EFBC}") = "OnlineEdu.Business", "OnlineEdu.Business\OnlineEdu.Business.csproj", "{E95EE39F-3FC1-4B0E-AB5A-FE4AD84CD358}"
EndProject
Project("{FAE04EC0-301F-11D3-BF4B-00C04F79EFBC}") = "OnlineEdu.DTO", "OnlineEdu.DTO\OnlineEdu.DTO.csproj", "{CE82123B-7F06-4B22-96CB-06BB31413A7E}"
EndProject
Project("{FAE04EC0-301F-11D3-BF4B-00C04F79EFBC}") = "OnlineEdu.WebUI", "OnlineEdu.WebUI\OnlineEdu.WebUI.csproj", "{F4941F15-9D36-4CDD-BF6A-2C3DFDABAB14}"
EndProject
Global
	GlobalSection(SolutionConfigurationPlatforms) = preSolution
		Debug|Any CPU = Debug|Any CPU
		Release|Any CPU = Release|Any CPU
	EndGlobalSection
	GlobalSection(ProjectConfigurationPlatforms) = postSolution
		{3CD0FDF5-6087-4C4D-A166-918671772A00}.Debug|Any CPU.ActiveCfg = Debug|Any CPU
		{3CD0FDF5-6087-4C4D-A166-918671772A00}.Debug|Any CPU.Build.0 = Debug|Any CPU
		{3CD0FDF5-6087-4C4D-A166-918671772A00}.Release|Any CPU.ActiveCfg = Release|Any CPU
		{3CD0FDF5-6087-4C4D-A166-918671772A00}.Release|Any CPU.Build.0 = Release|Any CPU
		{715B0E1C-932C-430A-AB35-2FB6931D7FC8}.Debug|Any CPU.ActiveCfg = Debug|Any CPU
		{715B0E1C-932C-430A-AB35-2FB6931D7FC8}.Debug|Any CPU.Build.0 = Debug|Any CPU
		{715B0E1C-932C-430A-AB35-2FB6931D7FC8}.Release|Any CPU.ActiveCfg = Release|Any CPU
		{715B0E1C-932C-430A-AB35-2FB6931D7FC8}.Release|Any CPU.Build.0 = Release|Any CPU
		{7662AD5F-6BB3-4C4C-BC6E-E6B5E0F90C31}.Debug|Any CPU.ActiveCfg = Debug|Any CPU
		{7662AD5F-6BB3-4C4C-BC6E-E6B5E0F90C31}.Debug|Any CPU.Build.0 = Debug|Any CPU
		{7662AD5F-6BB3-4C4C-BC6E-E6B5E0F90C31}.Release|Any CPU.ActiveCfg = Release|Any CPU
		{7662AD5F-6BB3-4C4C-BC6E-E6B5E0F90C31}.Release|Any CPU.Build.0 = Release|Any CPU
		{E95EE39F-3FC1-4B0E-AB5A-FE4AD84CD358}.Debug|Any CPU.ActiveCfg = Debug|Any CPU
		{E95EE39F-3FC1-4B0E-AB5A-FE4AD84CD358}.Debug|Any CPU.Build.0 = Debug|Any CPU
		{E95EE39F-3FC1-4B0E-AB5A-FE4AD84CD358}.Release|Any CPU.ActiveCfg = Release|Any CPU
		{E95EE39F-3FC1-4B0E-AB5A-FE4AD84CD358}.Release|Any CPU.Build.0 = Release|Any CPU
		{CE82123B-7F06-4B22-96CB-06BB31413A7E}.Debug|Any CPU.ActiveCfg = Debug|Any CPU
		{CE82123B-7F06-4B22-96CB-06BB31413A7E}.Debug|Any CPU.Build.0 = Debug|Any CPU
		{CE82123B-7F06-4B22-96CB-06BB31413A7E}.Release|Any CPU.ActiveCfg = Release|Any CPU
		{CE82123B-7F06-4B22-96CB-06BB31413A7E}.Release|Any CPU.Build.0 = Release|Any CPU
		{F4941F15-9D36-4CDD-BF6A-2C3DFDABAB14}.Debug|Any CPU.ActiveCfg = Debug|Any CPU
		{F4941F15-9D36-4CDD-BF6A-2C3DFDABAB14}.Debug|Any CPU.Build.0 = Debug|Any CPU
		{F4941F15-9D36-4CDD-BF6A-2C3DFDABAB14}.Release|Any CPU.ActiveCfg = Release|Any CPU
		{F4941F15-9D36-4CDD-BF6A-2C3DFDABAB14}.Release|Any CPU.Build.0 = Release|Any CPU
	EndGlobalSection
	GlobalSection(SolutionProperties) = preSolution
		HideSolutionNode = FALSE
	EndGlobalSection
	GlobalSection(ExtensibilityGlobals) = postSolution
		SolutionGuid = {17403F79-48C8-46B1-A010-785D889F0EA4}
	EndGlobalSection
EndGlobal
